
Microsoft Visual Studio Solution File, Format Version 12.00
# Visual Studio Version 16
VisualStudioVersion = 16.0.32510.428
MinimumVisualStudioVersion = 10.0.40219.1
Project("{8BC9CEB8-8B4A-11D0-8D11-00A0C91BC942}") = "Project1", "Project1\Project1.vcxproj", "{B70C1549-BA18-4FAF-8F43-C29517580993}"
EndProject
Global
	GlobalSection(SolutionConfigurationPlatforms) = preSolution
		Debug|x64 = Debug|x64
		Debug|x86 = Debug|x86
		Release|x64 = Release|x64
		Release|x86 = Release|x86
	EndGlobalSection
	GlobalSection(ProjectConfigurationPlatforms) = postSolution
		{B70C1549-BA18-4FAF-8F43-C29517580993}.Debug|x64.ActiveCfg = Debug|x64
		{B70C1549-BA18-4FAF-8F43-C29517580993}.Debug|x64.Build.0 = Debug|x64
		{B70C1549-BA18-4FAF-8F43-C29517580993}.Debug|x86.ActiveCfg = Debug|Win32
		{B70C1549-BA18-4FAF-8F43-C29517580993}.Debug|x86.Build.0 = Debug|Win32
		{B70C1549-BA18-4FAF-8F43-C29517580993}.Release|x64.ActiveCfg = Release|x64
		{B70C1549-BA18-4FAF-8F43-C29517580993}.Release|x64.Build.0 = Release|x64
		{B70C1549-BA18-4FAF-8F43-C29517580993}.Release|x86.ActiveCfg = Release|Win32
		{B70C1549-BA18-4FAF-8F43-C29517580993}.Release|x86.Build.0 = Release|Win32
	EndGlobalSection
	GlobalSection(SolutionProperties) = preSolution
		HideSolutionNode = FALSE
	EndGlobalSection
	GlobalSection(ExtensibilityGlobals) = postSolution
		SolutionGuid = {7F4C1237-0C1E-4380-AD21-EF5BA0220840}
	EndGlobalSection
EndGlobal
